// !$*UTF8*$!
{
	archiveVersion = 1;
	classes = {
	};
	objectVersion = 45;
	objects = {

/* Begin PBXAggregateTarget section */
		6C0CA2BF0CEC8221000B18FC /* Release */ = {
			isa = PBXAggregateTarget;
			buildConfigurationList = 6C0CA2C30CEC8244000B18FC /* Build configuration list for PBXAggregateTarget "Release" */;
			buildPhases = (
				6CE1A806104AD07C0078D932 /* delete files */,
				6C0CA2CF0CEC8269000B18FC /* zip */,
			);
			dependencies = (
				6C0CA2CD0CEC8263000B18FC /* PBXTargetDependency */,
			);
			name = Release;
			productName = Release;
		};
/* End PBXAggregateTarget section */

/* Begin PBXBuildFile section */
		6C21E9A412D24F4C00091671 /* DIServiceTypeToIconPath.m in Sources */ = {isa = PBXBuildFile; fileRef = 6C21E9A312D24F4C00091671 /* DIServiceTypeToIconPath.m */; };
		6C21EA2112D2592900091671 /* pinboard.icns in Resources */ = {isa = PBXBuildFile; fileRef = 6C21EA2012D2592900091671 /* pinboard.icns */; };
		6C2FC9690CD9396900C1FD91 /* Localizable.strings in Resources */ = {isa = PBXBuildFile; fileRef = 6C2FC9670CD9396900C1FD91 /* Localizable.strings */; };
		6C41DF3513632F0200EB6477 /* DIWebarchiveDownload.m in Sources */ = {isa = PBXBuildFile; fileRef = 6C41DF3413632F0200EB6477 /* DIWebarchiveDownload.m */; };
		6C41E0201364335C00EB6477 /* DIQueue.m in Sources */ = {isa = PBXBuildFile; fileRef = 6C41E01F1364335C00EB6477 /* DIQueue.m */; };
		6C41E04D13643B5300EB6477 /* DIQueueItem.m in Sources */ = {isa = PBXBuildFile; fileRef = 6C41E04C13643B5300EB6477 /* DIQueueItem.m */; };
		6CA955C2104AA40200F225D2 /* LogIn.xib in Resources */ = {isa = PBXBuildFile; fileRef = 6CA955C0104AA40200F225D2 /* LogIn.xib */; };
		6CA95704104AB8B000F225D2 /* Keychain.framework in Frameworks */ = {isa = PBXBuildFile; fileRef = 6CA95703104AB8B000F225D2 /* Keychain.framework */; };
		6CCFAD1112BE394200B6A09A /* WebKit.framework in Frameworks */ = {isa = PBXBuildFile; fileRef = 6CCFAD1012BE394200B6A09A /* WebKit.framework */; };
		6CD57B260CEC5261009D3862 /* del.icio.us Spotlight Interface.mdimporter in Copy mdimporter */ = {isa = PBXBuildFile; fileRef = 6C38B3460CCF5C4400E5933D /* del.icio.us Spotlight Interface.mdimporter */; };
		6CE1A7CE104AC5130078D932 /* MainMenu.xib in Resources */ = {isa = PBXBuildFile; fileRef = 6CA955BD104AA3E100F225D2 /* MainMenu.xib */; };
		6CE1A7F4104AD04A0078D932 /* Keychain.framework in Copy Frameworks */ = {isa = PBXBuildFile; fileRef = 6CA95703104AB8B000F225D2 /* Keychain.framework */; };
		8D11072B0486CEB800E47090 /* InfoPlist.strings in Resources */ = {isa = PBXBuildFile; fileRef = 089C165CFE840E0CC02AAC07 /* InfoPlist.strings */; };
		8D11072D0486CEB800E47090 /* main.m in Sources */ = {isa = PBXBuildFile; fileRef = 29B97316FDCFA39411CA2CEA /* main.m */; settings = {ATTRIBUTES = (); }; };
		8D11072F0486CEB800E47090 /* Cocoa.framework in Frameworks */ = {isa = PBXBuildFile; fileRef = 1058C7A1FEA54F0111CA2CBB /* Cocoa.framework */; };
		BF138E70082587BA009D55C5 /* DILoginController.m in Sources */ = {isa = PBXBuildFile; fileRef = BF138E6F082587BA009D55C5 /* DILoginController.m */; };
		BF5D10070824537F0096CC1B /* DIBookmarksController.m in Sources */ = {isa = PBXBuildFile; fileRef = BF5D10060824537F0096CC1B /* DIBookmarksController.m */; };
		BFAA6A2C0821F9F300828D28 /* DIFileController.m in Sources */ = {isa = PBXBuildFile; fileRef = BFAA6A2B0821F9F300828D28 /* DIFileController.m */; };
		BFAA6A60082210D500828D28 /* delicious.icns in Resources */ = {isa = PBXBuildFile; fileRef = BFAA6A5F082210D500828D28 /* delicious.icns */; };
/* End PBXBuildFile section */

/* Begin PBXContainerItemProxy section */
		6C0CA2CC0CEC8263000B18FC /* PBXContainerItemProxy */ = {
			isa = PBXContainerItemProxy;
			containerPortal = 29B97313FDCFA39411CA2CEA /* Project object */;
			proxyType = 1;
			remoteGlobalIDString = 8D1107260486CEB800E47090;
			remoteInfo = delimport;
		};
		6C2C57431066F83000A90A54 /* PBXContainerItemProxy */ = {
			isa = PBXContainerItemProxy;
			containerPortal = 6C8F4C2E0CCE4A5E00BFE897 /* Keychain.xcodeproj */;
			proxyType = 1;
			remoteGlobalIDString = 75A0749209438F8E008B9D9E;
			remoteInfo = Keychain;
		};
		6C2C57451066F83500A90A54 /* PBXContainerItemProxy */ = {
			isa = PBXContainerItemProxy;
			containerPortal = 6C8F4BE10CCE492100BFE897 /* del.icio.us Spotlight Interface.xcodeproj */;
			proxyType = 1;
			remoteGlobalIDString = 8D57630D048677EA00EA77CD;
			remoteInfo = "del.icio.us Spotlight Interface";
		};
		6C3840491066F5850001AAAD /* PBXContainerItemProxy */ = {
			isa = PBXContainerItemProxy;
			containerPortal = 6C8F4C2E0CCE4A5E00BFE897 /* Keychain.xcodeproj */;
			proxyType = 2;
			remoteGlobalIDString = 75A0750209438F8E008B9D9E;
			remoteInfo = Keychain;
		};
		6C38404B1066F5850001AAAD /* PBXContainerItemProxy */ = {
			isa = PBXContainerItemProxy;
			containerPortal = 6C8F4C2E0CCE4A5E00BFE897 /* Keychain.xcodeproj */;
			proxyType = 2;
			remoteGlobalIDString = 75A0750C09438F8E008B9D9E;
			remoteInfo = CSSMUtilsTester;
		};
		6C38404D1066F5850001AAAD /* PBXContainerItemProxy */ = {
			isa = PBXContainerItemProxy;
			containerPortal = 6C8F4C2E0CCE4A5E00BFE897 /* Keychain.xcodeproj */;
			proxyType = 2;
			remoteGlobalIDString = 75A0751709438F8E008B9D9E;
			remoteInfo = NSCalendarDateAdditionsTester;
		};
		6C38404F1066F5850001AAAD /* PBXContainerItemProxy */ = {
			isa = PBXContainerItemProxy;
			containerPortal = 6C8F4C2E0CCE4A5E00BFE897 /* Keychain.xcodeproj */;
			proxyType = 2;
			remoteGlobalIDString = 75A0752209438F8F008B9D9E;
			remoteInfo = OutputStreamsTester;
		};
		6C3840511066F5850001AAAD /* PBXContainerItemProxy */ = {
			isa = PBXContainerItemProxy;
			containerPortal = 6C8F4C2E0CCE4A5E00BFE897 /* Keychain.xcodeproj */;
			proxyType = 2;
			remoteGlobalIDString = 75A0752E09438F8F008B9D9E;
			remoteInfo = StringsTester;
		};
		6C3840531066F5850001AAAD /* PBXContainerItemProxy */ = {
			isa = PBXContainerItemProxy;
			containerPortal = 6C8F4C2E0CCE4A5E00BFE897 /* Keychain.xcodeproj */;
			proxyType = 2;
			remoteGlobalIDString = 75A0753A09438F8F008B9D9E;
			remoteInfo = MDSProber;
		};
		6C3840551066F5850001AAAD /* PBXContainerItemProxy */ = {
			isa = PBXContainerItemProxy;
			containerPortal = 6C8F4C2E0CCE4A5E00BFE897 /* Keychain.xcodeproj */;
			proxyType = 2;
			remoteGlobalIDString = 7540B3F20999D1C000469F46;
			remoteInfo = SKeyPlusTester;
		};
		6C3840571066F5850001AAAD /* PBXContainerItemProxy */ = {
			isa = PBXContainerItemProxy;
			containerPortal = 6C8F4C2E0CCE4A5E00BFE897 /* Keychain.xcodeproj */;
			proxyType = 2;
			remoteGlobalIDString = 7594D4910A2045E00090E497;
			remoteInfo = CertificateGenerationTester;
		};
		6C3840591066F5850001AAAD /* PBXContainerItemProxy */ = {
			isa = PBXContainerItemProxy;
			containerPortal = 6C8F4C2E0CCE4A5E00BFE897 /* Keychain.xcodeproj */;
			proxyType = 2;
			remoteGlobalIDString = 7556131F0A2090B5003428C2;
			remoteInfo = CryptographyTester;
		};
		6C38405B1066F5850001AAAD /* PBXContainerItemProxy */ = {
			isa = PBXContainerItemProxy;
			containerPortal = 6C8F4C2E0CCE4A5E00BFE897 /* Keychain.xcodeproj */;
			proxyType = 2;
			remoteGlobalIDString = 75C6E8F70A3BDCD8009201FB;
			remoteInfo = KeychainSearchTester;
		};
		6C38B3450CCF5C4400E5933D /* PBXContainerItemProxy */ = {
			isa = PBXContainerItemProxy;
			containerPortal = 6C8F4BE10CCE492100BFE897 /* del.icio.us Spotlight Interface.xcodeproj */;
			proxyType = 2;
			remoteGlobalIDString = 8D576316048677EA00EA77CD;
			remoteInfo = "del.icio.us Spotlight Interface";
		};
		6C5A40A711D896FD00F8D4EE /* PBXContainerItemProxy */ = {
			isa = PBXContainerItemProxy;
			containerPortal = 6C8F4C2E0CCE4A5E00BFE897 /* Keychain.xcodeproj */;
			proxyType = 2;
			remoteGlobalIDString = 7506C03D0A3DB5A8000DB6BD;
			remoteInfo = PolicyProber;
		};
		6C5A40A911D896FD00F8D4EE /* PBXContainerItemProxy */ = {
			isa = PBXContainerItemProxy;
			containerPortal = 6C8F4C2E0CCE4A5E00BFE897 /* Keychain.xcodeproj */;
			proxyType = 2;
			remoteGlobalIDString = 7588AC770CA3916D00466BEF;
			remoteInfo = KeychainTester;
		};
/* End PBXContainerItemProxy section */

/* Begin PBXCopyFilesBuildPhase section */
		6C8F4BB90CCE48D300BFE897 /* Copy mdimporter */ = {
			isa = PBXCopyFilesBuildPhase;
			buildActionMask = 2147483647;
			dstPath = Contents/Library/Spotlight;
			dstSubfolderSpec = 1;
			files = (
				6CD57B260CEC5261009D3862 /* del.icio.us Spotlight Interface.mdimporter in Copy mdimporter */,
			);
			name = "Copy mdimporter";
			runOnlyForDeploymentPostprocessing = 0;
		};
		6CE1A802104AD05B0078D932 /* Copy Frameworks */ = {
			isa = PBXCopyFilesBuildPhase;
			buildActionMask = 2147483647;
			dstPath = "";
			dstSubfolderSpec = 10;
			files = (
				6CE1A7F4104AD04A0078D932 /* Keychain.framework in Copy Frameworks */,
			);
			name = "Copy Frameworks";
			runOnlyForDeploymentPostprocessing = 0;
		};
/* End PBXCopyFilesBuildPhase section */

/* Begin PBXFileReference section */
		1058C7A1FEA54F0111CA2CBB /* Cocoa.framework */ = {isa = PBXFileReference; lastKnownFileType = wrapper.framework; name = Cocoa.framework; path = /System/Library/Frameworks/Cocoa.framework; sourceTree = "<absolute>"; };
		13E42FB307B3F0F600E4EEF1 /* CoreData.framework */ = {isa = PBXFileReference; lastKnownFileType = wrapper.framework; name = CoreData.framework; path = /System/Library/Frameworks/CoreData.framework; sourceTree = "<absolute>"; };
		29B97316FDCFA39411CA2CEA /* main.m */ = {isa = PBXFileReference; fileEncoding = 4; lastKnownFileType = sourcecode.c.objc; path = main.m; sourceTree = "<group>"; };
		29B97324FDCFA39411CA2CEA /* AppKit.framework */ = {isa = PBXFileReference; lastKnownFileType = wrapper.framework; name = AppKit.framework; path = /System/Library/Frameworks/AppKit.framework; sourceTree = "<absolute>"; };
		29B97325FDCFA39411CA2CEA /* Foundation.framework */ = {isa = PBXFileReference; lastKnownFileType = wrapper.framework; name = Foundation.framework; path = /System/Library/Frameworks/Foundation.framework; sourceTree = "<absolute>"; };
		32CA4F630368D1EE00C91783 /* delimport_Prefix.pch */ = {isa = PBXFileReference; fileEncoding = 4; lastKnownFileType = sourcecode.c.h; path = delimport_Prefix.pch; sourceTree = "<group>"; };
		6C21E9A212D24F4C00091671 /* DIServiceTypeToIconPath.h */ = {isa = PBXFileReference; fileEncoding = 4; lastKnownFileType = sourcecode.c.h; path = DIServiceTypeToIconPath.h; sourceTree = "<group>"; };
		6C21E9A312D24F4C00091671 /* DIServiceTypeToIconPath.m */ = {isa = PBXFileReference; fileEncoding = 4; lastKnownFileType = sourcecode.c.objc; path = DIServiceTypeToIconPath.m; sourceTree = "<group>"; };
		6C21EA2012D2592900091671 /* pinboard.icns */ = {isa = PBXFileReference; lastKnownFileType = image.icns; path = pinboard.icns; sourceTree = "<group>"; };
		6C21EC5A12D2909500091671 /* en */ = {isa = PBXFileReference; fileEncoding = 4; lastKnownFileType = text.plist.strings; name = en; path = en.lproj/Localizable.strings; sourceTree = "<group>"; };
		6C21EC6912D290A100091671 /* en */ = {isa = PBXFileReference; lastKnownFileType = file.xib; name = en; path = en.lproj/LogIn.xib; sourceTree = "<group>"; };
		6C21EC6A12D290B100091671 /* en */ = {isa = PBXFileReference; fileEncoding = 4; lastKnownFileType = text.plist.strings; name = en; path = en.lproj/InfoPlist.strings; sourceTree = "<group>"; };
		6C383FF21066F2370001AAAD /* Readme.markdown */ = {isa = PBXFileReference; fileEncoding = 4; lastKnownFileType = text; name = Readme.markdown; path = ../Readme.markdown; sourceTree = "<group>"; };
		6C41DF3313632F0200EB6477 /* DIWebarchiveDownload.h */ = {isa = PBXFileReference; fileEncoding = 4; lastKnownFileType = sourcecode.c.h; path = DIWebarchiveDownload.h; sourceTree = "<group>"; };
		6C41DF3413632F0200EB6477 /* DIWebarchiveDownload.m */ = {isa = PBXFileReference; fileEncoding = 4; lastKnownFileType = sourcecode.c.objc; path = DIWebarchiveDownload.m; sourceTree = "<group>"; };
		6C41E01E1364335C00EB6477 /* DIQueue.h */ = {isa = PBXFileReference; fileEncoding = 4; lastKnownFileType = sourcecode.c.h; path = DIQueue.h; sourceTree = "<group>"; };
		6C41E01F1364335C00EB6477 /* DIQueue.m */ = {isa = PBXFileReference; fileEncoding = 4; lastKnownFileType = sourcecode.c.objc; path = DIQueue.m; sourceTree = "<group>"; };
		6C41E04B13643B5300EB6477 /* DIQueueItem.h */ = {isa = PBXFileReference; fileEncoding = 4; lastKnownFileType = sourcecode.c.h; path = DIQueueItem.h; sourceTree = "<group>"; };
		6C41E04C13643B5300EB6477 /* DIQueueItem.m */ = {isa = PBXFileReference; fileEncoding = 4; lastKnownFileType = sourcecode.c.objc; path = DIQueueItem.m; sourceTree = "<group>"; };
		6C5A9C66104D9A030092E350 /* fr */ = {isa = PBXFileReference; fileEncoding = 4; lastKnownFileType = text.plist.strings; name = fr; path = fr.lproj/Localizable.strings; sourceTree = "<group>"; };
		6C5A9C67104D9A090092E350 /* fr */ = {isa = PBXFileReference; lastKnownFileType = file.xib; name = fr; path = fr.lproj/LogIn.xib; sourceTree = "<group>"; };
		6C5AA488104E91210092E350 /* de */ = {isa = PBXFileReference; fileEncoding = 4; lastKnownFileType = text.plist.strings; name = de; path = de.lproj/InfoPlist.strings; sourceTree = "<group>"; };
		6C5AA489104E912A0092E350 /* fr */ = {isa = PBXFileReference; fileEncoding = 4; lastKnownFileType = text.plist.strings; name = fr; path = fr.lproj/InfoPlist.strings; sourceTree = "<group>"; };
		6C8F4BE10CCE492100BFE897 /* del.icio.us Spotlight Interface.xcodeproj */ = {isa = PBXFileReference; lastKnownFileType = "wrapper.pb-project"; name = "del.icio.us Spotlight Interface.xcodeproj"; path = "spotlight_interface/del.icio.us Spotlight Interface.xcodeproj"; sourceTree = "<group>"; };
		6C8F4C2E0CCE4A5E00BFE897 /* Keychain.xcodeproj */ = {isa = PBXFileReference; lastKnownFileType = "wrapper.pb-project"; name = Keychain.xcodeproj; path = ../Keychain/Keychain.xcodeproj; sourceTree = SOURCE_ROOT; };
		6CA955BD104AA3E100F225D2 /* MainMenu.xib */ = {isa = PBXFileReference; lastKnownFileType = file.xib; path = MainMenu.xib; sourceTree = "<group>"; };
		6CA95690104AADDB00F225D2 /* de */ = {isa = PBXFileReference; fileEncoding = 4; lastKnownFileType = text.plist.strings; name = de; path = de.lproj/Localizable.strings; sourceTree = "<group>"; };
		6CA95703104AB8B000F225D2 /* Keychain.framework */ = {isa = PBXFileReference; lastKnownFileType = wrapper.framework; name = Keychain.framework; path = ../../../builds/Deployment/Keychain.framework; sourceTree = SOURCE_ROOT; };
		6CCFAD1012BE394200B6A09A /* WebKit.framework */ = {isa = PBXFileReference; lastKnownFileType = wrapper.framework; name = WebKit.framework; path = /System/Library/Frameworks/WebKit.framework; sourceTree = "<absolute>"; };
		6CCFAE0E12BE462D00B6A09A /* org.ianhenderson.delimport.plist */ = {isa = PBXFileReference; lastKnownFileType = file.bplist; name = org.ianhenderson.delimport.plist; path = ../../../../Library/Preferences/org.ianhenderson.delimport.plist; sourceTree = SOURCE_ROOT; };
		6CE1A7CA104AC4E70078D932 /* de */ = {isa = PBXFileReference; lastKnownFileType = file.xib; name = de; path = de.lproj/LogIn.xib; sourceTree = "<group>"; };
		8D1107310486CEB800E47090 /* Info.plist */ = {isa = PBXFileReference; fileEncoding = 4; lastKnownFileType = text.plist; path = Info.plist; sourceTree = "<group>"; };
		8D1107320486CEB800E47090 /* delimport.app */ = {isa = PBXFileReference; explicitFileType = wrapper.application; includeInIndex = 0; path = delimport.app; sourceTree = BUILT_PRODUCTS_DIR; };
		BF138E6E082587BA009D55C5 /* DILoginController.h */ = {isa = PBXFileReference; fileEncoding = 4; lastKnownFileType = sourcecode.c.h; path = DILoginController.h; sourceTree = "<group>"; };
		BF138E6F082587BA009D55C5 /* DILoginController.m */ = {isa = PBXFileReference; fileEncoding = 4; lastKnownFileType = sourcecode.c.objc; path = DILoginController.m; sourceTree = "<group>"; };
		BF5D10050824537F0096CC1B /* DIBookmarksController.h */ = {isa = PBXFileReference; fileEncoding = 4; lastKnownFileType = sourcecode.c.h; path = DIBookmarksController.h; sourceTree = "<group>"; };
		BF5D10060824537F0096CC1B /* DIBookmarksController.m */ = {isa = PBXFileReference; fileEncoding = 4; lastKnownFileType = sourcecode.c.objc; path = DIBookmarksController.m; sourceTree = "<group>"; };
		BFAA6A2A0821F9F300828D28 /* DIFileController.h */ = {isa = PBXFileReference; fileEncoding = 4; lastKnownFileType = sourcecode.c.h; path = DIFileController.h; sourceTree = "<group>"; };
		BFAA6A2B0821F9F300828D28 /* DIFileController.m */ = {isa = PBXFileReference; fileEncoding = 4; lastKnownFileType = sourcecode.c.objc; path = DIFileController.m; sourceTree = "<group>"; };
		BFAA6A5F082210D500828D28 /* delicious.icns */ = {isa = PBXFileReference; lastKnownFileType = image.icns; path = delicious.icns; sourceTree = "<group>"; };
/* End PBXFileReference section */

/* Begin PBXFrameworksBuildPhase section */
		8D11072E0486CEB800E47090 /* Frameworks */ = {
			isa = PBXFrameworksBuildPhase;
			buildActionMask = 2147483647;
			files = (
				8D11072F0486CEB800E47090 /* Cocoa.framework in Frameworks */,
				6CA95704104AB8B000F225D2 /* Keychain.framework in Frameworks */,
				6CCFAD1112BE394200B6A09A /* WebKit.framework in Frameworks */,
			);
			runOnlyForDeploymentPostprocessing = 0;
		};
/* End PBXFrameworksBuildPhase section */

/* Begin PBXGroup section */
		080E96DDFE201D6D7F000001 /* Classes */ = {
			isa = PBXGroup;
			children = (
				BFAA6A2A0821F9F300828D28 /* DIFileController.h */,
				BFAA6A2B0821F9F300828D28 /* DIFileController.m */,
				BF5D10050824537F0096CC1B /* DIBookmarksController.h */,
				BF5D10060824537F0096CC1B /* DIBookmarksController.m */,
				BF138E6E082587BA009D55C5 /* DILoginController.h */,
				BF138E6F082587BA009D55C5 /* DILoginController.m */,
				6C21E9A212D24F4C00091671 /* DIServiceTypeToIconPath.h */,
				6C21E9A312D24F4C00091671 /* DIServiceTypeToIconPath.m */,
				6C41DF3313632F0200EB6477 /* DIWebarchiveDownload.h */,
				6C41DF3413632F0200EB6477 /* DIWebarchiveDownload.m */,
				6C41E01E1364335C00EB6477 /* DIQueue.h */,
				6C41E01F1364335C00EB6477 /* DIQueue.m */,
				6C41E04B13643B5300EB6477 /* DIQueueItem.h */,
				6C41E04C13643B5300EB6477 /* DIQueueItem.m */,
			);
			name = Classes;
			sourceTree = "<group>";
		};
		1058C7A0FEA54F0111CA2CBB /* Linked Frameworks */ = {
			isa = PBXGroup;
			children = (
				6CA95703104AB8B000F225D2 /* Keychain.framework */,
				1058C7A1FEA54F0111CA2CBB /* Cocoa.framework */,
				6CCFAD1012BE394200B6A09A /* WebKit.framework */,
			);
			name = "Linked Frameworks";
			sourceTree = "<group>";
		};
		1058C7A2FEA54F0111CA2CBB /* Other Frameworks */ = {
			isa = PBXGroup;
			children = (
				29B97324FDCFA39411CA2CEA /* AppKit.framework */,
				13E42FB307B3F0F600E4EEF1 /* CoreData.framework */,
				29B97325FDCFA39411CA2CEA /* Foundation.framework */,
			);
			name = "Other Frameworks";
			sourceTree = "<group>";
		};
		19C28FACFE9D520D11CA2CBB /* Products */ = {
			isa = PBXGroup;
			children = (
				8D1107320486CEB800E47090 /* delimport.app */,
			);
			name = Products;
			sourceTree = "<group>";
		};
		29B97314FDCFA39411CA2CEA /* delimport */ = {
			isa = PBXGroup;
			children = (
				6C383FF21066F2370001AAAD /* Readme.markdown */,
				6CCFAE0E12BE462D00B6A09A /* org.ianhenderson.delimport.plist */,
				6C8F4C2E0CCE4A5E00BFE897 /* Keychain.xcodeproj */,
				6C8F4BE10CCE492100BFE897 /* del.icio.us Spotlight Interface.xcodeproj */,
				080E96DDFE201D6D7F000001 /* Classes */,
				29B97315FDCFA39411CA2CEA /* Other Sources */,
				29B97317FDCFA39411CA2CEA /* Resources */,
				29B97323FDCFA39411CA2CEA /* Frameworks */,
				19C28FACFE9D520D11CA2CBB /* Products */,
			);
			name = delimport;
			sourceTree = "<group>";
		};
		29B97315FDCFA39411CA2CEA /* Other Sources */ = {
			isa = PBXGroup;
			children = (
				32CA4F630368D1EE00C91783 /* delimport_Prefix.pch */,
				29B97316FDCFA39411CA2CEA /* main.m */,
			);
			name = "Other Sources";
			sourceTree = "<group>";
		};
		29B97317FDCFA39411CA2CEA /* Resources */ = {
			isa = PBXGroup;
			children = (
				BFAA6A5F082210D500828D28 /* delicious.icns */,
				6C21EA2012D2592900091671 /* pinboard.icns */,
				6C2FC9670CD9396900C1FD91 /* Localizable.strings */,
				6CA955C0104AA40200F225D2 /* LogIn.xib */,
				6CA955BD104AA3E100F225D2 /* MainMenu.xib */,
				8D1107310486CEB800E47090 /* Info.plist */,
				089C165CFE840E0CC02AAC07 /* InfoPlist.strings */,
			);
			name = Resources;
			sourceTree = "<group>";
		};
		29B97323FDCFA39411CA2CEA /* Frameworks */ = {
			isa = PBXGroup;
			children = (
				1058C7A0FEA54F0111CA2CBB /* Linked Frameworks */,
				1058C7A2FEA54F0111CA2CBB /* Other Frameworks */,
			);
			name = Frameworks;
			sourceTree = "<group>";
		};
		6C38403A1066F5850001AAAD /* Products */ = {
			isa = PBXGroup;
			children = (
				6C38404A1066F5850001AAAD /* Keychain.framework */,
				6C38404C1066F5850001AAAD /* CSSMUtilsTester */,
				6C38404E1066F5850001AAAD /* NSCalendarDateAdditionsTester */,
				6C3840501066F5850001AAAD /* OutputStreamsTester */,
				6C3840521066F5850001AAAD /* StringsTester */,
				6C3840541066F5850001AAAD /* MDSProber */,
				6C3840561066F5850001AAAD /* SKeyPlusTester */,
				6C3840581066F5850001AAAD /* CertificateGenerationTester */,
				6C38405A1066F5850001AAAD /* CryptographyTester */,
				6C38405C1066F5850001AAAD /* KeychainSearchTester */,
				6C5A40A811D896FD00F8D4EE /* PolicyProber */,
				6C5A40AA11D896FD00F8D4EE /* KeychainTester */,
			);
			name = Products;
			sourceTree = "<group>";
		};
		6C38B3420CCF5C4400E5933D /* Products */ = {
			isa = PBXGroup;
			children = (
				6C38B3460CCF5C4400E5933D /* del.icio.us Spotlight Interface.mdimporter */,
			);
			name = Products;
			sourceTree = "<group>";
		};
/* End PBXGroup section */

/* Begin PBXNativeTarget section */
		8D1107260486CEB800E47090 /* delimport */ = {
			isa = PBXNativeTarget;
			buildConfigurationList = 6CCC642F0A40CC7F00540A50 /* Build configuration list for PBXNativeTarget "delimport" */;
			buildPhases = (
				8D1107290486CEB800E47090 /* Resources */,
				8D11072C0486CEB800E47090 /* Sources */,
				6CE1A802104AD05B0078D932 /* Copy Frameworks */,
				8D11072E0486CEB800E47090 /* Frameworks */,
				6C8F4BB90CCE48D300BFE897 /* Copy mdimporter */,
			);
			buildRules = (
			);
			dependencies = (
				6C2C57441066F83000A90A54 /* PBXTargetDependency */,
				6C2C57461066F83500A90A54 /* PBXTargetDependency */,
			);
			name = delimport;
			productInstallPath = "$(HOME)/Applications";
			productName = delimport;
			productReference = 8D1107320486CEB800E47090 /* delimport.app */;
			productType = "com.apple.product-type.application";
		};
/* End PBXNativeTarget section */

/* Begin PBXProject section */
		29B97313FDCFA39411CA2CEA /* Project object */ = {
			isa = PBXProject;
			buildConfigurationList = 6CCC64330A40CC7F00540A50 /* Build configuration list for PBXProject "delimport" */;
			compatibilityVersion = "Xcode 3.1";
			developmentRegion = English;
			hasScannedForEncodings = 1;
			knownRegions = (
				English,
				Japanese,
				French,
				German,
				de,
				fr,
				en,
			);
			mainGroup = 29B97314FDCFA39411CA2CEA /* delimport */;
			projectDirPath = "";
			projectReferences = (
				{
					ProductGroup = 6C38B3420CCF5C4400E5933D /* Products */;
					ProjectRef = 6C8F4BE10CCE492100BFE897 /* del.icio.us Spotlight Interface.xcodeproj */;
				},
				{
					ProductGroup = 6C38403A1066F5850001AAAD /* Products */;
					ProjectRef = 6C8F4C2E0CCE4A5E00BFE897 /* Keychain.xcodeproj */;
				},
			);
			projectRoot = "";
			targets = (
				8D1107260486CEB800E47090 /* delimport */,
				6C0CA2BF0CEC8221000B18FC /* Release */,
			);
		};
/* End PBXProject section */

/* Begin PBXReferenceProxy section */
		6C38404A1066F5850001AAAD /* Keychain.framework */ = {
			isa = PBXReferenceProxy;
			fileType = wrapper.framework;
			path = Keychain.framework;
			remoteRef = 6C3840491066F5850001AAAD /* PBXContainerItemProxy */;
			sourceTree = BUILT_PRODUCTS_DIR;
		};
		6C38404C1066F5850001AAAD /* CSSMUtilsTester */ = {
			isa = PBXReferenceProxy;
			fileType = "compiled.mach-o.executable";
			path = CSSMUtilsTester;
			remoteRef = 6C38404B1066F5850001AAAD /* PBXContainerItemProxy */;
			sourceTree = BUILT_PRODUCTS_DIR;
		};
		6C38404E1066F5850001AAAD /* NSCalendarDateAdditionsTester */ = {
			isa = PBXReferenceProxy;
			fileType = "compiled.mach-o.executable";
			path = NSCalendarDateAdditionsTester;
			remoteRef = 6C38404D1066F5850001AAAD /* PBXContainerItemProxy */;
			sourceTree = BUILT_PRODUCTS_DIR;
		};
		6C3840501066F5850001AAAD /* OutputStreamsTester */ = {
			isa = PBXReferenceProxy;
			fileType = "compiled.mach-o.executable";
			path = OutputStreamsTester;
			remoteRef = 6C38404F1066F5850001AAAD /* PBXContainerItemProxy */;
			sourceTree = BUILT_PRODUCTS_DIR;
		};
		6C3840521066F5850001AAAD /* StringsTester */ = {
			isa = PBXReferenceProxy;
			fileType = "compiled.mach-o.executable";
			path = StringsTester;
			remoteRef = 6C3840511066F5850001AAAD /* PBXContainerItemProxy */;
			sourceTree = BUILT_PRODUCTS_DIR;
		};
		6C3840541066F5850001AAAD /* MDSProber */ = {
			isa = PBXReferenceProxy;
			fileType = "compiled.mach-o.executable";
			path = MDSProber;
			remoteRef = 6C3840531066F5850001AAAD /* PBXContainerItemProxy */;
			sourceTree = BUILT_PRODUCTS_DIR;
		};
		6C3840561066F5850001AAAD /* SKeyPlusTester */ = {
			isa = PBXReferenceProxy;
			fileType = "compiled.mach-o.executable";
			path = SKeyPlusTester;
			remoteRef = 6C3840551066F5850001AAAD /* PBXContainerItemProxy */;
			sourceTree = BUILT_PRODUCTS_DIR;
		};
		6C3840581066F5850001AAAD /* CertificateGenerationTester */ = {
			isa = PBXReferenceProxy;
			fileType = "compiled.mach-o.executable";
			path = CertificateGenerationTester;
			remoteRef = 6C3840571066F5850001AAAD /* PBXContainerItemProxy */;
			sourceTree = BUILT_PRODUCTS_DIR;
		};
		6C38405A1066F5850001AAAD /* CryptographyTester */ = {
			isa = PBXReferenceProxy;
			fileType = "compiled.mach-o.executable";
			path = CryptographyTester;
			remoteRef = 6C3840591066F5850001AAAD /* PBXContainerItemProxy */;
			sourceTree = BUILT_PRODUCTS_DIR;
		};
		6C38405C1066F5850001AAAD /* KeychainSearchTester */ = {
			isa = PBXReferenceProxy;
			fileType = "compiled.mach-o.executable";
			path = KeychainSearchTester;
			remoteRef = 6C38405B1066F5850001AAAD /* PBXContainerItemProxy */;
			sourceTree = BUILT_PRODUCTS_DIR;
		};
		6C38B3460CCF5C4400E5933D /* del.icio.us Spotlight Interface.mdimporter */ = {
			isa = PBXReferenceProxy;
			fileType = wrapper.cfbundle;
			path = "del.icio.us Spotlight Interface.mdimporter";
			remoteRef = 6C38B3450CCF5C4400E5933D /* PBXContainerItemProxy */;
			sourceTree = BUILT_PRODUCTS_DIR;
		};
		6C5A40A811D896FD00F8D4EE /* PolicyProber */ = {
			isa = PBXReferenceProxy;
			fileType = "compiled.mach-o.executable";
			path = PolicyProber;
			remoteRef = 6C5A40A711D896FD00F8D4EE /* PBXContainerItemProxy */;
			sourceTree = BUILT_PRODUCTS_DIR;
		};
		6C5A40AA11D896FD00F8D4EE /* KeychainTester */ = {
			isa = PBXReferenceProxy;
			fileType = "compiled.mach-o.executable";
			path = KeychainTester;
			remoteRef = 6C5A40A911D896FD00F8D4EE /* PBXContainerItemProxy */;
			sourceTree = BUILT_PRODUCTS_DIR;
		};
/* End PBXReferenceProxy section */

/* Begin PBXResourcesBuildPhase section */
		8D1107290486CEB800E47090 /* Resources */ = {
			isa = PBXResourcesBuildPhase;
			buildActionMask = 2147483647;
			files = (
				6CE1A7CE104AC5130078D932 /* MainMenu.xib in Resources */,
				8D11072B0486CEB800E47090 /* InfoPlist.strings in Resources */,
				BFAA6A60082210D500828D28 /* delicious.icns in Resources */,
				6C2FC9690CD9396900C1FD91 /* Localizable.strings in Resources */,
				6CA955C2104AA40200F225D2 /* LogIn.xib in Resources */,
				6C21EA2112D2592900091671 /* pinboard.icns in Resources */,
			);
			runOnlyForDeploymentPostprocessing = 0;
		};
/* End PBXResourcesBuildPhase section */

/* Begin PBXShellScriptBuildPhase section */
		6C0CA2CF0CEC8269000B18FC /* zip */ = {
			isa = PBXShellScriptBuildPhase;
			buildActionMask = 2147483647;
			files = (
			);
			inputPaths = (
			);
			name = zip;
			outputPaths = (
			);
			runOnlyForDeploymentPostprocessing = 0;
			shellPath = /bin/sh;
			shellScript = "# compress the distribution folder\nrm -f \"$BUILT_PRODUCTS_DIR/delimport.zip\"\ncd \"$BUILT_PRODUCTS_DIR\"\nzip -y -r \"delimport.zip\" \"delimport.app\"";
		};
		6CE1A806104AD07C0078D932 /* delete files */ = {
			isa = PBXShellScriptBuildPhase;
			buildActionMask = 2147483647;
			files = (
			);
			inputPaths = (
			);
			name = "delete files";
			outputPaths = (
			);
			runOnlyForDeploymentPostprocessing = 0;
			shellPath = /bin/sh;
			shellScript = "cd \"$BUILT_PRODUCTS_DIR\"\ncd \"delimport.app/Contents/\"\n\n# Keyhcain cleanup\n# kill headers\ncd \"Frameworks/Keychain.framework/\"\nls | grep Headers | xargs rm\ncd \"Versions/A\"\nls | grep Headers | xargs rm -r \n\n# kill unused localisations\n#cd \"Resources\"\n#ls | grep lproj | grep -v -E '(de|en).lproj' | xargs rm -r\n\n# kill 64bit binary\n#cd ..\n#lipo -output SparkleGC -remove x86_64 SparkleGC";
		};
/* End PBXShellScriptBuildPhase section */

/* Begin PBXSourcesBuildPhase section */
		8D11072C0486CEB800E47090 /* Sources */ = {
			isa = PBXSourcesBuildPhase;
			buildActionMask = 2147483647;
			files = (
				8D11072D0486CEB800E47090 /* main.m in Sources */,
				BFAA6A2C0821F9F300828D28 /* DIFileController.m in Sources */,
				BF5D10070824537F0096CC1B /* DIBookmarksController.m in Sources */,
				BF138E70082587BA009D55C5 /* DILoginController.m in Sources */,
				6C21E9A412D24F4C00091671 /* DIServiceTypeToIconPath.m in Sources */,
				6C41DF3513632F0200EB6477 /* DIWebarchiveDownload.m in Sources */,
				6C41E0201364335C00EB6477 /* DIQueue.m in Sources */,
				6C41E04D13643B5300EB6477 /* DIQueueItem.m in Sources */,
			);
			runOnlyForDeploymentPostprocessing = 0;
		};
/* End PBXSourcesBuildPhase section */

/* Begin PBXTargetDependency section */
		6C0CA2CD0CEC8263000B18FC /* PBXTargetDependency */ = {
			isa = PBXTargetDependency;
			target = 8D1107260486CEB800E47090 /* delimport */;
			targetProxy = 6C0CA2CC0CEC8263000B18FC /* PBXContainerItemProxy */;
		};
		6C2C57441066F83000A90A54 /* PBXTargetDependency */ = {
			isa = PBXTargetDependency;
			name = Keychain;
			targetProxy = 6C2C57431066F83000A90A54 /* PBXContainerItemProxy */;
		};
		6C2C57461066F83500A90A54 /* PBXTargetDependency */ = {
			isa = PBXTargetDependency;
			name = "del.icio.us Spotlight Interface";
			targetProxy = 6C2C57451066F83500A90A54 /* PBXContainerItemProxy */;
		};
/* End PBXTargetDependency section */

/* Begin PBXVariantGroup section */
		089C165CFE840E0CC02AAC07 /* InfoPlist.strings */ = {
			isa = PBXVariantGroup;
			children = (
				6C21EC6A12D290B100091671 /* en */,
				6C5AA488104E91210092E350 /* de */,
				6C5AA489104E912A0092E350 /* fr */,
			);
			name = InfoPlist.strings;
			sourceTree = "<group>";
		};
		6C2FC9670CD9396900C1FD91 /* Localizable.strings */ = {
			isa = PBXVariantGroup;
			children = (
				6C21EC5A12D2909500091671 /* en */,
				6CA95690104AADDB00F225D2 /* de */,
				6C5A9C66104D9A030092E350 /* fr */,
			);
			name = Localizable.strings;
			sourceTree = "<group>";
		};
		6CA955C0104AA40200F225D2 /* LogIn.xib */ = {
			isa = PBXVariantGroup;
			children = (
				6C21EC6912D290A100091671 /* en */,
				6CE1A7CA104AC4E70078D932 /* de */,
				6C5A9C67104D9A090092E350 /* fr */,
			);
			name = LogIn.xib;
			sourceTree = "<group>";
		};
/* End PBXVariantGroup section */

/* Begin XCBuildConfiguration section */
		6C0CA2C00CEC8222000B18FC /* Development */ = {
			isa = XCBuildConfiguration;
			buildSettings = {
				COPY_PHASE_STRIP = NO;
				GCC_DYNAMIC_NO_PIC = NO;
				GCC_OPTIMIZATION_LEVEL = 0;
				PRODUCT_NAME = Release;
			};
			name = Development;
		};
		6C0CA2C10CEC8222000B18FC /* Deployment */ = {
			isa = XCBuildConfiguration;
			buildSettings = {
				COPY_PHASE_STRIP = YES;
				DEBUG_INFORMATION_FORMAT = "dwarf-with-dsym";
				GCC_ENABLE_FIX_AND_CONTINUE = NO;
				PRODUCT_NAME = Release;
			};
			name = Deployment;
		};
		6CCC64300A40CC7F00540A50 /* Development */ = {
			isa = XCBuildConfiguration;
			buildSettings = {
				CODE_SIGN_IDENTITY = "earthlingsoft Software";
				COPY_PHASE_STRIP = NO;
				GCC_DYNAMIC_NO_PIC = NO;
				GCC_ENABLE_FIX_AND_CONTINUE = YES;
				GCC_GENERATE_DEBUGGING_SYMBOLS = YES;
				GCC_OPTIMIZATION_LEVEL = 0;
				GCC_PRECOMPILE_PREFIX_HEADER = YES;
				GCC_PREFIX_HEADER = delimport_Prefix.pch;
				GCC_USE_INDIRECT_FUNCTION_CALLS = NO;
				GCC_USE_REGISTER_FUNCTION_CALLS = NO;
				GCC_WARN_64_TO_32_BIT_CONVERSION = YES;
				GCC_WARN_ABOUT_MISSING_FIELD_INITIALIZERS = YES;
				GCC_WARN_ABOUT_RETURN_TYPE = YES;
				GCC_WARN_CHECK_SWITCH_STATEMENTS = YES;
				GCC_WARN_SHADOW = NO;
				GCC_WARN_UNUSED_VARIABLE = YES;
				IBC_FLATTEN_NIBS = NO;
				INFOPLIST_FILE = Info.plist;
				INSTALL_PATH = "$(HOME)/Applications";
				ONLY_ACTIVE_ARCH = YES;
				PREBINDING = NO;
				PRODUCT_NAME = delimport;
				WRAPPER_EXTENSION = app;
			};
			name = Development;
		};
		6CCC64310A40CC7F00540A50 /* Deployment */ = {
			isa = XCBuildConfiguration;
			buildSettings = {
				CODE_SIGN_IDENTITY = "earthlingsoft Software";
				GCC_ENABLE_FIX_AND_CONTINUE = NO;
				GCC_GENERATE_DEBUGGING_SYMBOLS = NO;
				GCC_PRECOMPILE_PREFIX_HEADER = YES;
				GCC_PREFIX_HEADER = delimport_Prefix.pch;
				GCC_USE_INDIRECT_FUNCTION_CALLS = NO;
				GCC_USE_REGISTER_FUNCTION_CALLS = NO;
				GCC_WARN_64_TO_32_BIT_CONVERSION = YES;
				GCC_WARN_ABOUT_MISSING_FIELD_INITIALIZERS = YES;
				GCC_WARN_ABOUT_RETURN_TYPE = YES;
				GCC_WARN_CHECK_SWITCH_STATEMENTS = YES;
				GCC_WARN_SHADOW = NO;
				GCC_WARN_UNUSED_VARIABLE = YES;
				INFOPLIST_FILE = Info.plist;
				ONLY_ACTIVE_ARCH = NO;
				PREBINDING = NO;
				PRODUCT_NAME = delimport;
				WRAPPER_EXTENSION = app;
			};
			name = Deployment;
		};
		6CCC64340A40CC7F00540A50 /* Development */ = {
			isa = XCBuildConfiguration;
			buildSettings = {
				ARCHS = "$(NATIVE_ARCH_ACTUAL)";
				COPY_PHASE_STRIP = NO;
				GCC_ENABLE_OBJC_GC = supported;
				GCC_VERSION = com.apple.compilers.llvm.clang.1_0;
				GCC_WARN_ABOUT_GLOBAL_CONSTRUCTORS = YES;
				GCC_WARN_ABOUT_MISSING_FIELD_INITIALIZERS = YES;
				GCC_WARN_ABOUT_MISSING_NEWLINE = YES;
				GCC_WARN_ABOUT_MISSING_PROTOTYPES = YES;
				GCC_WARN_ABOUT_RETURN_TYPE = YES;
				GCC_WARN_CHECK_SWITCH_STATEMENTS = YES;
				GCC_WARN_EFFECTIVE_CPLUSPLUS_VIOLATIONS = YES;
				GCC_WARN_HIDDEN_VIRTUAL_FUNCTIONS = YES;
				GCC_WARN_INITIALIZER_NOT_FULLY_BRACKETED = YES;
				GCC_WARN_MISSING_PARENTHESES = YES;
				GCC_WARN_NON_VIRTUAL_DESTRUCTOR = YES;
				GCC_WARN_SHADOW = YES;
				GCC_WARN_SIGN_COMPARE = YES;
				GCC_WARN_UNDECLARED_SELECTOR = YES;
				GCC_WARN_UNKNOWN_PRAGMAS = YES;
				GCC_WARN_UNUSED_FUNCTION = YES;
				GCC_WARN_UNUSED_LABEL = YES;
				GCC_WARN_UNUSED_PARAMETER = NO;
				GCC_WARN_UNUSED_VALUE = YES;
				GCC_WARN_UNUSED_VARIABLE = YES;
				SDKROOT = macosx10.5;
				STRIP_INSTALLED_PRODUCT = NO;
			};
			name = Development;
		};
		6CCC64350A40CC7F00540A50 /* Deployment */ = {
			isa = XCBuildConfiguration;
			buildSettings = {
				ARCHS = "$(ARCHS_STANDARD_32_64_BIT)";
				GCC_ENABLE_OBJC_GC = supported;
				GCC_VERSION = "";
				GCC_WARN_ABOUT_GLOBAL_CONSTRUCTORS = YES;
				GCC_WARN_ABOUT_MISSING_FIELD_INITIALIZERS = YES;
				GCC_WARN_ABOUT_MISSING_NEWLINE = YES;
				GCC_WARN_ABOUT_MISSING_PROTOTYPES = YES;
				GCC_WARN_ABOUT_RETURN_TYPE = YES;
				GCC_WARN_CHECK_SWITCH_STATEMENTS = YES;
				GCC_WARN_EFFECTIVE_CPLUSPLUS_VIOLATIONS = YES;
				GCC_WARN_HIDDEN_VIRTUAL_FUNCTIONS = YES;
				GCC_WARN_INITIALIZER_NOT_FULLY_BRACKETED = YES;
				GCC_WARN_MISSING_PARENTHESES = YES;
				GCC_WARN_NON_VIRTUAL_DESTRUCTOR = YES;
				GCC_WARN_SHADOW = YES;
				GCC_WARN_SIGN_COMPARE = YES;
				GCC_WARN_UNDECLARED_SELECTOR = YES;
				GCC_WARN_UNKNOWN_PRAGMAS = YES;
				GCC_WARN_UNUSED_FUNCTION = YES;
				GCC_WARN_UNUSED_LABEL = YES;
				GCC_WARN_UNUSED_PARAMETER = NO;
				GCC_WARN_UNUSED_VALUE = YES;
				GCC_WARN_UNUSED_VARIABLE = YES;
				SDKROOT = macosx10.5;
			};
			name = Deployment;
		};
/* End XCBuildConfiguration section */

/* Begin XCConfigurationList section */
		6C0CA2C30CEC8244000B18FC /* Build configuration list for PBXAggregateTarget "Release" */ = {
			isa = XCConfigurationList;
			buildConfigurations = (
				6C0CA2C00CEC8222000B18FC /* Development */,
				6C0CA2C10CEC8222000B18FC /* Deployment */,
			);
			defaultConfigurationIsVisible = 0;
			defaultConfigurationName = Development;
		};
		6CCC642F0A40CC7F00540A50 /* Build configuration list for PBXNativeTarget "delimport" */ = {
			isa = XCConfigurationList;
			buildConfigurations = (
				6CCC64300A40CC7F00540A50 /* Development */,
				6CCC64310A40CC7F00540A50 /* Deployment */,
			);
			defaultConfigurationIsVisible = 0;
			defaultConfigurationName = Development;
		};
		6CCC64330A40CC7F00540A50 /* Build configuration list for PBXProject "delimport" */ = {
			isa = XCConfigurationList;
			buildConfigurations = (
				6CCC64340A40CC7F00540A50 /* Development */,
				6CCC64350A40CC7F00540A50 /* Deployment */,
			);
			defaultConfigurationIsVisible = 0;
			defaultConfigurationName = Development;
		};
/* End XCConfigurationList section */
	};
	rootObject = 29B97313FDCFA39411CA2CEA /* Project object */;
}
